
Microsoft Visual Studio Solution File, Format Version 12.00
# Visual Studio 15
VisualStudioVersion = 15.0.27703.2042
MinimumVisualStudioVersion = 10.0.40219.1
Project("{FAE04EC0-301F-11D3-BF4B-00C04F79EFBC}") = "Hearthstone", "Hearthstone\Hearthstone.csproj", "{70FA9570-6221-43F9-84C9-6CE1D21DFC47}"
EndProject
Global
	GlobalSection(SolutionConfigurationPlatforms) = preSolution
		Debug|Any CPU = Debug|Any CPU
		Release|Any CPU = Release|Any CPU
	EndGlobalSection
	GlobalSection(ProjectConfigurationPlatforms) = postSolution
		{70FA9570-6221-43F9-84C9-6CE1D21DFC47}.Debug|Any CPU.ActiveCfg = Debug|Any CPU
		{70FA9570-6221-43F9-84C9-6CE1D21DFC47}.Debug|Any CPU.Build.0 = Debug|Any CPU
		{70FA9570-6221-43F9-84C9-6CE1D21DFC47}.Release|Any CPU.ActiveCfg = Release|Any CPU
		{70FA9570-6221-43F9-84C9-6CE1D21DFC47}.Release|Any CPU.Build.0 = Release|Any CPU
	EndGlobalSection
	GlobalSection(SolutionProperties) = preSolution
		HideSolutionNode = FALSE
	EndGlobalSection
	GlobalSection(ExtensibilityGlobals) = postSolution
		SolutionGuid = {0FBEBC79-FC34-42AA-BBA7-B8E61D297EED}
	EndGlobalSection
EndGlobal
